// !$*UTF8*$!
{
	archiveVersion = 1;
	classes = {
	};
	objectVersion = 46;
	objects = {

/* Begin PBXBuildFile section */
		04759D141EDDFF2D008124FB /* AppDelegate.swift in Sources */ = {isa = PBXBuildFile; fileRef = 04759D131EDDFF2D008124FB /* AppDelegate.swift */; };
		04759D181EDDFF2D008124FB /* Assets.xcassets in Resources */ = {isa = PBXBuildFile; fileRef = 04759D171EDDFF2D008124FB /* Assets.xcassets */; };
		04759D1B1EDDFF2D008124FB /* Main.storyboard in Resources */ = {isa = PBXBuildFile; fileRef = 04759D191EDDFF2D008124FB /* Main.storyboard */; };
		04759D241EDEA1AC008124FB /* PopOverViewController.swift in Sources */ = {isa = PBXBuildFile; fileRef = 04759D221EDEA1AC008124FB /* PopOverViewController.swift */; };
		04759D251EDEA1AC008124FB /* PopOverViewController.xib in Resources */ = {isa = PBXBuildFile; fileRef = 04759D231EDEA1AC008124FB /* PopOverViewController.xib */; };
		04EFEABD1EE1B08E00807B11 /* CoinNoti.app.zip in Resources */ = {isa = PBXBuildFile; fileRef = 04EFEABC1EE1B08E00807B11 /* CoinNoti.app.zip */; };
/* End PBXBuildFile section */

/* Begin PBXFileReference section */
		04759D101EDDFF2D008124FB /* CoinNoti.app */ = {isa = PBXFileReference; explicitFileType = wrapper.application; includeInIndex = 0; path = CoinNoti.app; sourceTree = BUILT_PRODUCTS_DIR; };
		04759D131EDDFF2D008124FB /* AppDelegate.swift */ = {isa = PBXFileReference; lastKnownFileType = sourcecode.swift; path = AppDelegate.swift; sourceTree = "<group>"; };
		04759D171EDDFF2D008124FB /* Assets.xcassets */ = {isa = PBXFileReference; lastKnownFileType = folder.assetcatalog; path = Assets.xcassets; sourceTree = "<group>"; };
		04759D1A1EDDFF2D008124FB /* Base */ = {isa = PBXFileReference; lastKnownFileType = file.storyboard; name = Base; path = Base.lproj/Main.storyboard; sourceTree = "<group>"; };
		04759D1C1EDDFF2D008124FB /* Info.plist */ = {isa = PBXFileReference; lastKnownFileType = text.plist.xml; path = Info.plist; sourceTree = "<group>"; };
		04759D221EDEA1AC008124FB /* PopOverViewController.swift */ = {isa = PBXFileReference; fileEncoding = 4; lastKnownFileType = sourcecode.swift; path = PopOverViewController.swift; sourceTree = "<group>"; };
		04759D231EDEA1AC008124FB /* PopOverViewController.xib */ = {isa = PBXFileReference; fileEncoding = 4; lastKnownFileType = file.xib; path = PopOverViewController.xib; sourceTree = "<group>"; };
		04EFEABC1EE1B08E00807B11 /* CoinNoti.app.zip */ = {isa = PBXFileReference; lastKnownFileType = archive.zip; name = CoinNoti.app.zip; path = "CoinNoti 2017-06-02 23-39-56/CoinNoti.app.zip"; sourceTree = SOURCE_ROOT; };
/* End PBXFileReference section */

/* Begin PBXFrameworksBuildPhase section */
		04759D0D1EDDFF2D008124FB /* Frameworks */ = {
			isa = PBXFrameworksBuildPhase;
			buildActionMask = 2147483647;
			files = (
			);
			runOnlyForDeploymentPostprocessing = 0;
		};
/* End PBXFrameworksBuildPhase section */

/* Begin PBXGroup section */
		04759D071EDDFF2D008124FB = {
			isa = PBXGroup;
			children = (
				04EFEABC1EE1B08E00807B11 /* CoinNoti.app.zip */,
				04759D121EDDFF2D008124FB /* CoinNoti */,
				04759D111EDDFF2D008124FB /* Products */,
			);
			sourceTree = "<group>";
		};
		04759D111EDDFF2D008124FB /* Products */ = {
			isa = PBXGroup;
			children = (
				04759D101EDDFF2D008124FB /* CoinNoti.app */,
			);
			name = Products;
			sourceTree = "<group>";
		};
		04759D121EDDFF2D008124FB /* CoinNoti */ = {
			isa = PBXGroup;
			children = (
				04759D131EDDFF2D008124FB /* AppDelegate.swift */,
				04759D221EDEA1AC008124FB /* PopOverViewController.swift */,
				04759D171EDDFF2D008124FB /* Assets.xcassets */,
				04759D191EDDFF2D008124FB /* Main.storyboard */,
				04759D1C1EDDFF2D008124FB /* Info.plist */,
				04759D231EDEA1AC008124FB /* PopOverViewController.xib */,
			);
			path = CoinNoti;
			sourceTree = "<group>";
		};
/* End PBXGroup section */

/* Begin PBXNativeTarget section */
		04759D0F1EDDFF2D008124FB /* CoinNoti */ = {
			isa = PBXNativeTarget;
			buildConfigurationList = 04759D1F1EDDFF2D008124FB /* Build configuration list for PBXNativeTarget "CoinNoti" */;
			buildPhases = (
				04759D0C1EDDFF2D008124FB /* Sources */,
				04759D0D1EDDFF2D008124FB /* Frameworks */,
				04759D0E1EDDFF2D008124FB /* Resources */,
			);
			buildRules = (
			);
			dependencies = (
			);
			name = CoinNoti;
			productName = CoinNoti;
			productReference = 04759D101EDDFF2D008124FB /* CoinNoti.app */;
			productType = "com.apple.product-type.application";
		};
/* End PBXNativeTarget section */

/* Begin PBXProject section */
		04759D081EDDFF2D008124FB /* Project object */ = {
			isa = PBXProject;
			attributes = {
				LastSwiftUpdateCheck = 0830;
				LastUpgradeCheck = 0830;
				ORGANIZATIONNAME = ftfuture;
				TargetAttributes = {
					04759D0F1EDDFF2D008124FB = {
						CreatedOnToolsVersion = 8.3.2;
						ProvisioningStyle = Automatic;
					};
				};
			};
			buildConfigurationList = 04759D0B1EDDFF2D008124FB /* Build configuration list for PBXProject "CoinNoti" */;
			compatibilityVersion = "Xcode 3.2";
			developmentRegion = English;
			hasScannedForEncodings = 0;
			knownRegions = (
				en,
				Base,
			);
			mainGroup = 04759D071EDDFF2D008124FB;
			productRefGroup = 04759D111EDDFF2D008124FB /* Products */;
			projectDirPath = "";
			projectRoot = "";
			targets = (
				04759D0F1EDDFF2D008124FB /* CoinNoti */,
			);
		};
/* End PBXProject section */

/* Begin PBXResourcesBuildPhase section */
		04759D0E1EDDFF2D008124FB /* Resources */ = {
			isa = PBXResourcesBuildPhase;
			buildActionMask = 2147483647;
			files = (
				04759D251EDEA1AC008124FB /* PopOverViewController.xib in Resources */,
				04759D181EDDFF2D008124FB /* Assets.xcassets in Resources */,
				04759D1B1EDDFF2D008124FB /* Main.storyboard in Resources */,
				04EFEABD1EE1B08E00807B11 /* CoinNoti.app.zip in Resources */,
			);
			runOnlyForDeploymentPostprocessing = 0;
		};
/* End PBXResourcesBuildPhase section */

/* Begin PBXSourcesBuildPhase section */
		04759D0C1EDDFF2D008124FB /* Sources */ = {
			isa = PBXSourcesBuildPhase;
			buildActionMask = 2147483647;
			files = (
				04759D241EDEA1AC008124FB /* PopOverViewController.swift in Sources */,
				04759D141EDDFF2D008124FB /* AppDelegate.swift in Sources */,
			);
			runOnlyForDeploymentPostprocessing = 0;
		};
/* End PBXSourcesBuildPhase section */

/* Begin PBXVariantGroup section */
		04759D191EDDFF2D008124FB /* Main.storyboard */ = {
			isa = PBXVariantGroup;
			children = (
				04759D1A1EDDFF2D008124FB /* Base */,
			);
			name = Main.storyboard;
			sourceTree = "<group>";
		};
/* End PBXVariantGroup section */

/* Begin XCBuildConfiguration section */
		04759D1D1EDDFF2D008124FB /* Debug */ = {
			isa = XCBuildConfiguration;
			buildSettings = {
				ALWAYS_SEARCH_USER_PATHS = NO;
				CLANG_ANALYZER_NONNULL = YES;
				CLANG_ANALYZER_NUMBER_OBJECT_CONVERSION = YES_AGGRESSIVE;
				CLANG_CXX_LANGUAGE_STANDARD = "gnu++0x";
				CLANG_CXX_LIBRARY = "libc++";
				CLANG_ENABLE_MODULES = YES;
				CLANG_ENABLE_OBJC_ARC = YES;
				CLANG_WARN_BOOL_CONVERSION = YES;
				CLANG_WARN_CONSTANT_CONVERSION = YES;
				CLANG_WARN_DIRECT_OBJC_ISA_USAGE = YES_ERROR;
				CLANG_WARN_DOCUMENTATION_COMMENTS = YES;
				CLANG_WARN_EMPTY_BODY = YES;
				CLANG_WARN_ENUM_CONVERSION = YES;
				CLANG_WARN_INFINITE_RECURSION = YES;
				CLANG_WARN_INT_CONVERSION = YES;
				CLANG_WARN_OBJC_ROOT_CLASS = YES_ERROR;
				CLANG_WARN_SUSPICIOUS_MOVE = YES;
				CLANG_WARN_UNREACHABLE_CODE = YES;
				CLANG_WARN__DUPLICATE_METHOD_MATCH = YES;
				CODE_SIGN_IDENTITY = "-";
				COPY_PHASE_STRIP = NO;
				DEBUG_INFORMATION_FORMAT = dwarf;
				ENABLE_STRICT_OBJC_MSGSEND = YES;
				ENABLE_TESTABILITY = YES;
				GCC_C_LANGUAGE_STANDARD = gnu99;
				GCC_DYNAMIC_NO_PIC = NO;
				GCC_NO_COMMON_BLOCKS = YES;
				GCC_OPTIMIZATION_LEVEL = 0;
				GCC_PREPROCESSOR_DEFINITIONS = (
					"DEBUG=1",
					"$(inherited)",
				);
				GCC_WARN_64_TO_32_BIT_CONVERSION = YES;
				GCC_WARN_ABOUT_RETURN_TYPE = YES_ERROR;
				GCC_WARN_UNDECLARED_SELECTOR = YES;
				GCC_WARN_UNINITIALIZED_AUTOS = YES_AGGRESSIVE;
				GCC_WARN_UNUSED_FUNCTION = YES;
				GCC_WARN_UNUSED_VARIABLE = YES;
				MACOSX_DEPLOYMENT_TARGET = 10.12;
				MTL_ENABLE_DEBUG_INFO = YES;
				ONLY_ACTIVE_ARCH = YES;
				SDKROOT = macosx;
				SWIFT_ACTIVE_COMPILATION_CONDITIONS = DEBUG;
				SWIFT_OPTIMIZATION_LEVEL = "-Onone";
			};
			name = Debug;
		};
		04759D1E1EDDFF2D008124FB /* Release */ = {
			isa = XCBuildConfiguration;
			buildSettings = {
				ALWAYS_SEARCH_USER_PATHS = NO;
				CLANG_ANALYZER_NONNULL = YES;
				CLANG_ANALYZER_NUMBER_OBJECT_CONVERSION = YES_AGGRESSIVE;
				CLANG_CXX_LANGUAGE_STANDARD = "gnu++0x";
				CLANG_CXX_LIBRARY = "libc++";
				CLANG_ENABLE_MODULES = YES;
				CLANG_ENABLE_OBJC_ARC = YES;
				CLANG_WARN_BOOL_CONVERSION = YES;
				CLANG_WARN_CONSTANT_CONVERSION = YES;
				CLANG_WARN_DIRECT_OBJC_ISA_USAGE = YES_ERROR;
				CLANG_WARN_DOCUMENTATION_COMMENTS = YES;
				CLANG_WARN_EMPTY_BODY = YES;
				CLANG_WARN_ENUM_CONVERSION = YES;
				CLANG_WARN_INFINITE_RECURSION = YES;
				CLANG_WARN_INT_CONVERSION = YES;
				CLANG_WARN_OBJC_ROOT_CLASS = YES_ERROR;
				CLANG_WARN_SUSPICIOUS_MOVE = YES;
				CLANG_WARN_UNREACHABLE_CODE = YES;
				CLANG_WARN__DUPLICATE_METHOD_MATCH = YES;
				CODE_SIGN_IDENTITY = "-";
				COPY_PHASE_STRIP = NO;
				DEBUG_INFORMATION_FORMAT = "dwarf-with-dsym";
				ENABLE_NS_ASSERTIONS = NO;
				ENABLE_STRICT_OBJC_MSGSEND = YES;
				GCC_C_LANGUAGE_STANDARD = gnu99;
				GCC_NO_COMMON_BLOCKS = YES;
				GCC_WARN_64_TO_32_BIT_CONVERSION = YES;
				GCC_WARN_ABOUT_RETURN_TYPE = YES_ERROR;
				GCC_WARN_UNDECLARED_SELECTOR = YES;
				GCC_WARN_UNINITIALIZED_AUTOS = YES_AGGRESSIVE;
				GCC_WARN_UNUSED_FUNCTION = YES;
				GCC_WARN_UNUSED_VARIABLE = YES;
				MACOSX_DEPLOYMENT_TARGET = 10.12;
				MTL_ENABLE_DEBUG_INFO = NO;
				SDKROOT = macosx;
				SWIFT_OPTIMIZATION_LEVEL = "-Owholemodule";
			};
			name = Release;
		};
		04759D201EDDFF2D008124FB /* Debug */ = {
			isa = XCBuildConfiguration;
			buildSettings = {
				ASSETCATALOG_COMPILER_APPICON_NAME = AppIcon;
				COMBINE_HIDPI_IMAGES = YES;
				INFOPLIST_FILE = CoinNoti/Info.plist;
				LD_RUNPATH_SEARCH_PATHS = "$(inherited) @executable_path/../Frameworks";
				PRODUCT_BUNDLE_IDENTIFIER = aaa.CoinNoti;
				PRODUCT_NAME = "$(TARGET_NAME)";
				SWIFT_VERSION = 3.0;
			};
			name = Debug;
		};
		04759D211EDDFF2D008124FB /* Release */ = {
			isa = XCBuildConfiguration;
			buildSettings = {
				ASSETCATALOG_COMPILER_APPICON_NAME = AppIcon;
				COMBINE_HIDPI_IMAGES = YES;
				INFOPLIST_FILE = CoinNoti/Info.plist;
				LD_RUNPATH_SEARCH_PATHS = "$(inherited) @executable_path/../Frameworks";
				PRODUCT_BUNDLE_IDENTIFIER = aaa.CoinNoti;
				PRODUCT_NAME = "$(TARGET_NAME)";
				SWIFT_VERSION = 3.0;
			};
			name = Release;
		};
/* End XCBuildConfiguration section */

/* Begin XCConfigurationList section */
		04759D0B1EDDFF2D008124FB /* Build configuration list for PBXProject "CoinNoti" */ = {
			isa = XCConfigurationList;
			buildConfigurations = (
				04759D1D1EDDFF2D008124FB /* Debug */,
				04759D1E1EDDFF2D008124FB /* Release */,
			);
			defaultConfigurationIsVisible = 0;
			defaultConfigurationName = Release;
		};
		04759D1F1EDDFF2D008124FB /* Build configuration list for PBXNativeTarget "CoinNoti" */ = {
			isa = XCConfigurationList;
			buildConfigurations = (
				04759D201EDDFF2D008124FB /* Debug */,
				04759D211EDDFF2D008124FB /* Release */,
			);
			defaultConfigurationIsVisible = 0;
			defaultConfigurationName = Release;
		};
/* End XCConfigurationList section */
	};
	rootObject = 04759D081EDDFF2D008124FB /* Project object */;
}
